
Microsoft Visual Studio Solution File, Format Version 12.00
# Visual Studio Version 16
VisualStudioVersion = 16.0.30717.126
MinimumVisualStudioVersion = 10.0.40219.1
Project("{FAE04EC0-301F-11D3-BF4B-00C04F79EFBC}") = "WpfApp_UpWork", "WpfApp_UpWork\WpfApp_UpWork.csproj", "{BDB519FE-47C9-42E7-ABC5-73A3D7A728E5}"
EndProject
Global
	GlobalSection(SolutionConfigurationPlatforms) = preSolution
		Debug|Any CPU = Debug|Any CPU
		Debug|x64 = Debug|x64
		Release|Any CPU = Release|Any CPU
		Release|x64 = Release|x64
	EndGlobalSection
	GlobalSection(ProjectConfigurationPlatforms) = postSolution
		{BDB519FE-47C9-42E7-ABC5-73A3D7A728E5}.Debug|Any CPU.ActiveCfg = Debug|Any CPU
		{BDB519FE-47C9-42E7-ABC5-73A3D7A728E5}.Debug|Any CPU.Build.0 = Debug|Any CPU
		{BDB519FE-47C9-42E7-ABC5-73A3D7A728E5}.Debug|x64.ActiveCfg = Debug|x64
		{BDB519FE-47C9-42E7-ABC5-73A3D7A728E5}.Debug|x64.Build.0 = Debug|x64
		{BDB519FE-47C9-42E7-ABC5-73A3D7A728E5}.Release|Any CPU.ActiveCfg = Release|Any CPU
		{BDB519FE-47C9-42E7-ABC5-73A3D7A728E5}.Release|Any CPU.Build.0 = Release|Any CPU
		{BDB519FE-47C9-42E7-ABC5-73A3D7A728E5}.Release|x64.ActiveCfg = Release|x64
		{BDB519FE-47C9-42E7-ABC5-73A3D7A728E5}.Release|x64.Build.0 = Release|x64
	EndGlobalSection
	GlobalSection(SolutionProperties) = preSolution
		HideSolutionNode = FALSE
	EndGlobalSection
	GlobalSection(ExtensibilityGlobals) = postSolution
		SolutionGuid = {077B7EF7-CC01-44C1-BEFE-AF278CAFA9FF}
	EndGlobalSection
EndGlobal
